// !$*UTF8*$!
{
	archiveVersion = 1;
	classes = {
	};
	objectVersion = 50;
	objects = {

/* Begin PBXBuildFile section */
		84A5024423E7292F000DB0A0 /* AppDelegate.swift in Sources */ = {isa = PBXBuildFile; fileRef = 84A5024323E7292F000DB0A0 /* AppDelegate.swift */; };
		84A5024623E7292F000DB0A0 /* SceneDelegate.swift in Sources */ = {isa = PBXBuildFile; fileRef = 84A5024523E7292F000DB0A0 /* SceneDelegate.swift */; };
		84A5024823E7292F000DB0A0 /* ViewController.swift in Sources */ = {isa = PBXBuildFile; fileRef = 84A5024723E7292F000DB0A0 /* ViewController.swift */; };
		84A5024B23E7292F000DB0A0 /* Main.storyboard in Resources */ = {isa = PBXBuildFile; fileRef = 84A5024923E7292F000DB0A0 /* Main.storyboard */; };
		84A5024D23E72931000DB0A0 /* Assets.xcassets in Resources */ = {isa = PBXBuildFile; fileRef = 84A5024C23E72931000DB0A0 /* Assets.xcassets */; };
		84A5025023E72931000DB0A0 /* LaunchScreen.storyboard in Resources */ = {isa = PBXBuildFile; fileRef = 84A5024E23E72931000DB0A0 /* LaunchScreen.storyboard */; };
		84A5025B23E72931000DB0A0 /* Animations___LarryTests.swift in Sources */ = {isa = PBXBuildFile; fileRef = 84A5025A23E72931000DB0A0 /* Animations___LarryTests.swift */; };
		84A5026623E72932000DB0A0 /* Animations___LarryUITests.swift in Sources */ = {isa = PBXBuildFile; fileRef = 84A5026523E72932000DB0A0 /* Animations___LarryUITests.swift */; };
		84A5035A23E7330B000DB0A0 /* frames in Resources */ = {isa = PBXBuildFile; fileRef = 84A5035923E7330B000DB0A0 /* frames */; };
/* End PBXBuildFile section */

/* Begin PBXContainerItemProxy section */
		84A5025723E72931000DB0A0 /* PBXContainerItemProxy */ = {
			isa = PBXContainerItemProxy;
			containerPortal = 84A5023823E7292F000DB0A0 /* Project object */;
			proxyType = 1;
			remoteGlobalIDString = 84A5023F23E7292F000DB0A0;
			remoteInfo = "Animations - Larry";
		};
		84A5026223E72931000DB0A0 /* PBXContainerItemProxy */ = {
			isa = PBXContainerItemProxy;
			containerPortal = 84A5023823E7292F000DB0A0 /* Project object */;
			proxyType = 1;
			remoteGlobalIDString = 84A5023F23E7292F000DB0A0;
			remoteInfo = "Animations - Larry";
		};
/* End PBXContainerItemProxy section */

/* Begin PBXFileReference section */
		84A5024023E7292F000DB0A0 /* Animations - Larry.app */ = {isa = PBXFileReference; explicitFileType = wrapper.application; includeInIndex = 0; path = "Animations - Larry.app"; sourceTree = BUILT_PRODUCTS_DIR; };
		84A5024323E7292F000DB0A0 /* AppDelegate.swift */ = {isa = PBXFileReference; lastKnownFileType = sourcecode.swift; path = AppDelegate.swift; sourceTree = "<group>"; };
		84A5024523E7292F000DB0A0 /* SceneDelegate.swift */ = {isa = PBXFileReference; lastKnownFileType = sourcecode.swift; path = SceneDelegate.swift; sourceTree = "<group>"; };
		84A5024723E7292F000DB0A0 /* ViewController.swift */ = {isa = PBXFileReference; lastKnownFileType = sourcecode.swift; path = ViewController.swift; sourceTree = "<group>"; };
		84A5024A23E7292F000DB0A0 /* Base */ = {isa = PBXFileReference; lastKnownFileType = file.storyboard; name = Base; path = Base.lproj/Main.storyboard; sourceTree = "<group>"; };
		84A5024C23E72931000DB0A0 /* Assets.xcassets */ = {isa = PBXFileReference; lastKnownFileType = folder.assetcatalog; path = Assets.xcassets; sourceTree = "<group>"; };
		84A5024F23E72931000DB0A0 /* Base */ = {isa = PBXFileReference; lastKnownFileType = file.storyboard; name = Base; path = Base.lproj/LaunchScreen.storyboard; sourceTree = "<group>"; };
		84A5025123E72931000DB0A0 /* Info.plist */ = {isa = PBXFileReference; lastKnownFileType = text.plist.xml; path = Info.plist; sourceTree = "<group>"; };
		84A5025623E72931000DB0A0 /* Animations - LarryTests.xctest */ = {isa = PBXFileReference; explicitFileType = wrapper.cfbundle; includeInIndex = 0; path = "Animations - LarryTests.xctest"; sourceTree = BUILT_PRODUCTS_DIR; };
		84A5025A23E72931000DB0A0 /* Animations___LarryTests.swift */ = {isa = PBXFileReference; lastKnownFileType = sourcecode.swift; path = "Animations___LarryTests.swift"; sourceTree = "<group>"; };
		84A5025C23E72931000DB0A0 /* Info.plist */ = {isa = PBXFileReference; lastKnownFileType = text.plist.xml; path = Info.plist; sourceTree = "<group>"; };
		84A5026123E72931000DB0A0 /* Animations - LarryUITests.xctest */ = {isa = PBXFileReference; explicitFileType = wrapper.cfbundle; includeInIndex = 0; path = "Animations - LarryUITests.xctest"; sourceTree = BUILT_PRODUCTS_DIR; };
		84A5026523E72932000DB0A0 /* Animations___LarryUITests.swift */ = {isa = PBXFileReference; lastKnownFileType = sourcecode.swift; path = "Animations___LarryUITests.swift"; sourceTree = "<group>"; };
		84A5026723E72932000DB0A0 /* Info.plist */ = {isa = PBXFileReference; lastKnownFileType = text.plist.xml; path = Info.plist; sourceTree = "<group>"; };
		84A5035923E7330B000DB0A0 /* frames */ = {isa = PBXFileReference; lastKnownFileType = folder; path = frames; sourceTree = "<group>"; };
/* End PBXFileReference section */

/* Begin PBXFrameworksBuildPhase section */
		84A5023D23E7292F000DB0A0 /* Frameworks */ = {
			isa = PBXFrameworksBuildPhase;
			buildActionMask = 2147483647;
			files = (
			);
			runOnlyForDeploymentPostprocessing = 0;
		};
		84A5025323E72931000DB0A0 /* Frameworks */ = {
			isa = PBXFrameworksBuildPhase;
			buildActionMask = 2147483647;
			files = (
			);
			runOnlyForDeploymentPostprocessing = 0;
		};
		84A5025E23E72931000DB0A0 /* Frameworks */ = {
			isa = PBXFrameworksBuildPhase;
			buildActionMask = 2147483647;
			files = (
			);
			runOnlyForDeploymentPostprocessing = 0;
		};
/* End PBXFrameworksBuildPhase section */

/* Begin PBXGroup section */
		84A5023723E7292F000DB0A0 = {
			isa = PBXGroup;
			children = (
				84A5024223E7292F000DB0A0 /* Animations - Larry */,
				84A5025923E72931000DB0A0 /* Animations - LarryTests */,
				84A5026423E72931000DB0A0 /* Animations - LarryUITests */,
				84A5024123E7292F000DB0A0 /* Products */,
			);
			sourceTree = "<group>";
		};
		84A5024123E7292F000DB0A0 /* Products */ = {
			isa = PBXGroup;
			children = (
				84A5024023E7292F000DB0A0 /* Animations - Larry.app */,
				84A5025623E72931000DB0A0 /* Animations - LarryTests.xctest */,
				84A5026123E72931000DB0A0 /* Animations - LarryUITests.xctest */,
			);
			name = Products;
			sourceTree = "<group>";
		};
		84A5024223E7292F000DB0A0 /* Animations - Larry */ = {
			isa = PBXGroup;
			children = (
				84A5035923E7330B000DB0A0 /* frames */,
				84A5024323E7292F000DB0A0 /* AppDelegate.swift */,
				84A5024523E7292F000DB0A0 /* SceneDelegate.swift */,
				84A5024723E7292F000DB0A0 /* ViewController.swift */,
				84A5024923E7292F000DB0A0 /* Main.storyboard */,
				84A5024C23E72931000DB0A0 /* Assets.xcassets */,
				84A5024E23E72931000DB0A0 /* LaunchScreen.storyboard */,
				84A5025123E72931000DB0A0 /* Info.plist */,
			);
			path = "Animations - Larry";
			sourceTree = "<group>";
		};
		84A5025923E72931000DB0A0 /* Animations - LarryTests */ = {
			isa = PBXGroup;
			children = (
				84A5025A23E72931000DB0A0 /* Animations___LarryTests.swift */,
				84A5025C23E72931000DB0A0 /* Info.plist */,
			);
			path = "Animations - LarryTests";
			sourceTree = "<group>";
		};
		84A5026423E72931000DB0A0 /* Animations - LarryUITests */ = {
			isa = PBXGroup;
			children = (
				84A5026523E72932000DB0A0 /* Animations___LarryUITests.swift */,
				84A5026723E72932000DB0A0 /* Info.plist */,
			);
			path = "Animations - LarryUITests";
			sourceTree = "<group>";
		};
/* End PBXGroup section */

/* Begin PBXNativeTarget section */
		84A5023F23E7292F000DB0A0 /* Animations - Larry */ = {
			isa = PBXNativeTarget;
			buildConfigurationList = 84A5026A23E72932000DB0A0 /* Build configuration list for PBXNativeTarget "Animations - Larry" */;
			buildPhases = (
				84A5023C23E7292F000DB0A0 /* Sources */,
				84A5023D23E7292F000DB0A0 /* Frameworks */,
				84A5023E23E7292F000DB0A0 /* Resources */,
			);
			buildRules = (
			);
			dependencies = (
			);
			name = "Animations - Larry";
			productName = "Animations - Larry";
			productReference = 84A5024023E7292F000DB0A0 /* Animations - Larry.app */;
			productType = "com.apple.product-type.application";
		};
		84A5025523E72931000DB0A0 /* Animations - LarryTests */ = {
			isa = PBXNativeTarget;
			buildConfigurationList = 84A5026D23E72932000DB0A0 /* Build configuration list for PBXNativeTarget "Animations - LarryTests" */;
			buildPhases = (
				84A5025223E72931000DB0A0 /* Sources */,
				84A5025323E72931000DB0A0 /* Frameworks */,
				84A5025423E72931000DB0A0 /* Resources */,
			);
			buildRules = (
			);
			dependencies = (
				84A5025823E72931000DB0A0 /* PBXTargetDependency */,
			);
			name = "Animations - LarryTests";
			productName = "Animations - LarryTests";
			productReference = 84A5025623E72931000DB0A0 /* Animations - LarryTests.xctest */;
			productType = "com.apple.product-type.bundle.unit-test";
		};
		84A5026023E72931000DB0A0 /* Animations - LarryUITests */ = {
			isa = PBXNativeTarget;
			buildConfigurationList = 84A5027023E72932000DB0A0 /* Build configuration list for PBXNativeTarget "Animations - LarryUITests" */;
			buildPhases = (
				84A5025D23E72931000DB0A0 /* Sources */,
				84A5025E23E72931000DB0A0 /* Frameworks */,
				84A5025F23E72931000DB0A0 /* Resources */,
			);
			buildRules = (
			);
			dependencies = (
				84A5026323E72931000DB0A0 /* PBXTargetDependency */,
			);
			name = "Animations - LarryUITests";
			productName = "Animations - LarryUITests";
			productReference = 84A5026123E72931000DB0A0 /* Animations - LarryUITests.xctest */;
			productType = "com.apple.product-type.bundle.ui-testing";
		};
/* End PBXNativeTarget section */

/* Begin PBXProject section */
		84A5023823E7292F000DB0A0 /* Project object */ = {
			isa = PBXProject;
			attributes = {
				LastSwiftUpdateCheck = 1130;
				LastUpgradeCheck = 1130;
				ORGANIZATIONNAME = "AM Kirsch";
				TargetAttributes = {
					84A5023F23E7292F000DB0A0 = {
						CreatedOnToolsVersion = 11.3.1;
					};
					84A5025523E72931000DB0A0 = {
						CreatedOnToolsVersion = 11.3.1;
						TestTargetID = 84A5023F23E7292F000DB0A0;
					};
					84A5026023E72931000DB0A0 = {
						CreatedOnToolsVersion = 11.3.1;
						TestTargetID = 84A5023F23E7292F000DB0A0;
					};
				};
			};
			buildConfigurationList = 84A5023B23E7292F000DB0A0 /* Build configuration list for PBXProject "Animations - Larry" */;
			compatibilityVersion = "Xcode 9.3";
			developmentRegion = en;
			hasScannedForEncodings = 0;
			knownRegions = (
				en,
				Base,
			);
			mainGroup = 84A5023723E7292F000DB0A0;
			productRefGroup = 84A5024123E7292F000DB0A0 /* Products */;
			projectDirPath = "";
			projectRoot = "";
			targets = (
				84A5023F23E7292F000DB0A0 /* Animations - Larry */,
				84A5025523E72931000DB0A0 /* Animations - LarryTests */,
				84A5026023E72931000DB0A0 /* Animations - LarryUITests */,
			);
		};
/* End PBXProject section */

/* Begin PBXResourcesBuildPhase section */
		84A5023E23E7292F000DB0A0 /* Resources */ = {
			isa = PBXResourcesBuildPhase;
			buildActionMask = 2147483647;
			files = (
				84A5035A23E7330B000DB0A0 /* frames in Resources */,
				84A5025023E72931000DB0A0 /* LaunchScreen.storyboard in Resources */,
				84A5024D23E72931000DB0A0 /* Assets.xcassets in Resources */,
				84A5024B23E7292F000DB0A0 /* Main.storyboard in Resources */,
			);
			runOnlyForDeploymentPostprocessing = 0;
		};
		84A5025423E72931000DB0A0 /* Resources */ = {
			isa = PBXResourcesBuildPhase;
			buildActionMask = 2147483647;
			files = (
			);
			runOnlyForDeploymentPostprocessing = 0;
		};
		84A5025F23E72931000DB0A0 /* Resources */ = {
			isa = PBXResourcesBuildPhase;
			buildActionMask = 2147483647;
			files = (
			);
			runOnlyForDeploymentPostprocessing = 0;
		};
/* End PBXResourcesBuildPhase section */

/* Begin PBXSourcesBuildPhase section */
		84A5023C23E7292F000DB0A0 /* Sources */ = {
			isa = PBXSourcesBuildPhase;
			buildActionMask = 2147483647;
			files = (
				84A5024823E7292F000DB0A0 /* ViewController.swift in Sources */,
				84A5024423E7292F000DB0A0 /* AppDelegate.swift in Sources */,
				84A5024623E7292F000DB0A0 /* SceneDelegate.swift in Sources */,
			);
			runOnlyForDeploymentPostprocessing = 0;
		};
		84A5025223E72931000DB0A0 /* Sources */ = {
			isa = PBXSourcesBuildPhase;
			buildActionMask = 2147483647;
			files = (
				84A5025B23E72931000DB0A0 /* Animations___LarryTests.swift in Sources */,
			);
			runOnlyForDeploymentPostprocessing = 0;
		};
		84A5025D23E72931000DB0A0 /* Sources */ = {
			isa = PBXSourcesBuildPhase;
			buildActionMask = 2147483647;
			files = (
				84A5026623E72932000DB0A0 /* Animations___LarryUITests.swift in Sources */,
			);
			runOnlyForDeploymentPostprocessing = 0;
		};
/* End PBXSourcesBuildPhase section */

/* Begin PBXTargetDependency section */
		84A5025823E72931000DB0A0 /* PBXTargetDependency */ = {
			isa = PBXTargetDependency;
			target = 84A5023F23E7292F000DB0A0 /* Animations - Larry */;
			targetProxy = 84A5025723E72931000DB0A0 /* PBXContainerItemProxy */;
		};
		84A5026323E72931000DB0A0 /* PBXTargetDependency */ = {
			isa = PBXTargetDependency;
			target = 84A5023F23E7292F000DB0A0 /* Animations - Larry */;
			targetProxy = 84A5026223E72931000DB0A0 /* PBXContainerItemProxy */;
		};
/* End PBXTargetDependency section */

/* Begin PBXVariantGroup section */
		84A5024923E7292F000DB0A0 /* Main.storyboard */ = {
			isa = PBXVariantGroup;
			children = (
				84A5024A23E7292F000DB0A0 /* Base */,
			);
			name = Main.storyboard;
			sourceTree = "<group>";
		};
		84A5024E23E72931000DB0A0 /* LaunchScreen.storyboard */ = {
			isa = PBXVariantGroup;
			children = (
				84A5024F23E72931000DB0A0 /* Base */,
			);
			name = LaunchScreen.storyboard;
			sourceTree = "<group>";
		};
/* End PBXVariantGroup section */

/* Begin XCBuildConfiguration section */
		84A5026823E72932000DB0A0 /* Debug */ = {
			isa = XCBuildConfiguration;
			buildSettings = {
				ALWAYS_SEARCH_USER_PATHS = NO;
				CLANG_ANALYZER_NONNULL = YES;
				CLANG_ANALYZER_NUMBER_OBJECT_CONVERSION = YES_AGGRESSIVE;
				CLANG_CXX_LANGUAGE_STANDARD = "gnu++14";
				CLANG_CXX_LIBRARY = "libc++";
				CLANG_ENABLE_MODULES = YES;
				CLANG_ENABLE_OBJC_ARC = YES;
				CLANG_ENABLE_OBJC_WEAK = YES;
				CLANG_WARN_BLOCK_CAPTURE_AUTORELEASING = YES;
				CLANG_WARN_BOOL_CONVERSION = YES;
				CLANG_WARN_COMMA = YES;
				CLANG_WARN_CONSTANT_CONVERSION = YES;
				CLANG_WARN_DEPRECATED_OBJC_IMPLEMENTATIONS = YES;
				CLANG_WARN_DIRECT_OBJC_ISA_USAGE = YES_ERROR;
				CLANG_WARN_DOCUMENTATION_COMMENTS = YES;
				CLANG_WARN_EMPTY_BODY = YES;
				CLANG_WARN_ENUM_CONVERSION = YES;
				CLANG_WARN_INFINITE_RECURSION = YES;
				CLANG_WARN_INT_CONVERSION = YES;
				CLANG_WARN_NON_LITERAL_NULL_CONVERSION = YES;
				CLANG_WARN_OBJC_IMPLICIT_RETAIN_SELF = YES;
				CLANG_WARN_OBJC_LITERAL_CONVERSION = YES;
				CLANG_WARN_OBJC_ROOT_CLASS = YES_ERROR;
				CLANG_WARN_RANGE_LOOP_ANALYSIS = YES;
				CLANG_WARN_STRICT_PROTOTYPES = YES;
				CLANG_WARN_SUSPICIOUS_MOVE = YES;
				CLANG_WARN_UNGUARDED_AVAILABILITY = YES_AGGRESSIVE;
				CLANG_WARN_UNREACHABLE_CODE = YES;
				CLANG_WARN__DUPLICATE_METHOD_MATCH = YES;
				COPY_PHASE_STRIP = NO;
				DEBUG_INFORMATION_FORMAT = dwarf;
				ENABLE_STRICT_OBJC_MSGSEND = YES;
				ENABLE_TESTABILITY = YES;
				GCC_C_LANGUAGE_STANDARD = gnu11;
				GCC_DYNAMIC_NO_PIC = NO;
				GCC_NO_COMMON_BLOCKS = YES;
				GCC_OPTIMIZATION_LEVEL = 0;
				GCC_PREPROCESSOR_DEFINITIONS = (
					"DEBUG=1",
					"$(inherited)",
				);
				GCC_WARN_64_TO_32_BIT_CONVERSION = YES;
				GCC_WARN_ABOUT_RETURN_TYPE = YES_ERROR;
				GCC_WARN_UNDECLARED_SELECTOR = YES;
				GCC_WARN_UNINITIALIZED_AUTOS = YES_AGGRESSIVE;
				GCC_WARN_UNUSED_FUNCTION = YES;
				GCC_WARN_UNUSED_VARIABLE = YES;
				IPHONEOS_DEPLOYMENT_TARGET = 13.2;
				MTL_ENABLE_DEBUG_INFO = INCLUDE_SOURCE;
				MTL_FAST_MATH = YES;
				ONLY_ACTIVE_ARCH = YES;
				SDKROOT = iphoneos;
				SWIFT_ACTIVE_COMPILATION_CONDITIONS = DEBUG;
				SWIFT_OPTIMIZATION_LEVEL = "-Onone";
			};
			name = Debug;
		};
		84A5026923E72932000DB0A0 /* Release */ = {
			isa = XCBuildConfiguration;
			buildSettings = {
				ALWAYS_SEARCH_USER_PATHS = NO;
				CLANG_ANALYZER_NONNULL = YES;
				CLANG_ANALYZER_NUMBER_OBJECT_CONVERSION = YES_AGGRESSIVE;
				CLANG_CXX_LANGUAGE_STANDARD = "gnu++14";
				CLANG_CXX_LIBRARY = "libc++";
				CLANG_ENABLE_MODULES = YES;
				CLANG_ENABLE_OBJC_ARC = YES;
				CLANG_ENABLE_OBJC_WEAK = YES;
				CLANG_WARN_BLOCK_CAPTURE_AUTORELEASING = YES;
				CLANG_WARN_BOOL_CONVERSION = YES;
				CLANG_WARN_COMMA = YES;
				CLANG_WARN_CONSTANT_CONVERSION = YES;
				CLANG_WARN_DEPRECATED_OBJC_IMPLEMENTATIONS = YES;
				CLANG_WARN_DIRECT_OBJC_ISA_USAGE = YES_ERROR;
				CLANG_WARN_DOCUMENTATION_COMMENTS = YES;
				CLANG_WARN_EMPTY_BODY = YES;
				CLANG_WARN_ENUM_CONVERSION = YES;
				CLANG_WARN_INFINITE_RECURSION = YES;
				CLANG_WARN_INT_CONVERSION = YES;
				CLANG_WARN_NON_LITERAL_NULL_CONVERSION = YES;
				CLANG_WARN_OBJC_IMPLICIT_RETAIN_SELF = YES;
				CLANG_WARN_OBJC_LITERAL_CONVERSION = YES;
				CLANG_WARN_OBJC_ROOT_CLASS = YES_ERROR;
				CLANG_WARN_RANGE_LOOP_ANALYSIS = YES;
				CLANG_WARN_STRICT_PROTOTYPES = YES;
				CLANG_WARN_SUSPICIOUS_MOVE = YES;
				CLANG_WARN_UNGUARDED_AVAILABILITY = YES_AGGRESSIVE;
				CLANG_WARN_UNREACHABLE_CODE = YES;
				CLANG_WARN__DUPLICATE_METHOD_MATCH = YES;
				COPY_PHASE_STRIP = NO;
				DEBUG_INFORMATION_FORMAT = "dwarf-with-dsym";
				ENABLE_NS_ASSERTIONS = NO;
				ENABLE_STRICT_OBJC_MSGSEND = YES;
				GCC_C_LANGUAGE_STANDARD = gnu11;
				GCC_NO_COMMON_BLOCKS = YES;
				GCC_WARN_64_TO_32_BIT_CONVERSION = YES;
				GCC_WARN_ABOUT_RETURN_TYPE = YES_ERROR;
				GCC_WARN_UNDECLARED_SELECTOR = YES;
				GCC_WARN_UNINITIALIZED_AUTOS = YES_AGGRESSIVE;
				GCC_WARN_UNUSED_FUNCTION = YES;
				GCC_WARN_UNUSED_VARIABLE = YES;
				IPHONEOS_DEPLOYMENT_TARGET = 13.2;
				MTL_ENABLE_DEBUG_INFO = NO;
				MTL_FAST_MATH = YES;
				SDKROOT = iphoneos;
				SWIFT_COMPILATION_MODE = wholemodule;
				SWIFT_OPTIMIZATION_LEVEL = "-O";
				VALIDATE_PRODUCT = YES;
			};
			name = Release;
		};
		84A5026B23E72932000DB0A0 /* Debug */ = {
			isa = XCBuildConfiguration;
			buildSettings = {
				ASSETCATALOG_COMPILER_APPICON_NAME = AppIcon;
				CODE_SIGN_STYLE = Automatic;
				INFOPLIST_FILE = "Animations - Larry/Info.plist";
				LD_RUNPATH_SEARCH_PATHS = (
					"$(inherited)",
					"@executable_path/Frameworks",
				);
				PRODUCT_BUNDLE_IDENTIFIER = "com.amkirsch.Animations---Larry";
				PRODUCT_NAME = "$(TARGET_NAME)";
				SWIFT_VERSION = 5.0;
				TARGETED_DEVICE_FAMILY = "1,2";
			};
			name = Debug;
		};
		84A5026C23E72932000DB0A0 /* Release */ = {
			isa = XCBuildConfiguration;
			buildSettings = {
				ASSETCATALOG_COMPILER_APPICON_NAME = AppIcon;
				CODE_SIGN_STYLE = Automatic;
				INFOPLIST_FILE = "Animations - Larry/Info.plist";
				LD_RUNPATH_SEARCH_PATHS = (
					"$(inherited)",
					"@executable_path/Frameworks",
				);
				PRODUCT_BUNDLE_IDENTIFIER = "com.amkirsch.Animations---Larry";
				PRODUCT_NAME = "$(TARGET_NAME)";
				SWIFT_VERSION = 5.0;
				TARGETED_DEVICE_FAMILY = "1,2";
			};
			name = Release;
		};
		84A5026E23E72932000DB0A0 /* Debug */ = {
			isa = XCBuildConfiguration;
			buildSettings = {
				ALWAYS_EMBED_SWIFT_STANDARD_LIBRARIES = YES;
				BUNDLE_LOADER = "$(TEST_HOST)";
				CODE_SIGN_STYLE = Automatic;
				INFOPLIST_FILE = "Animations - LarryTests/Info.plist";
				IPHONEOS_DEPLOYMENT_TARGET = 13.2;
				LD_RUNPATH_SEARCH_PATHS = (
					"$(inherited)",
					"@executable_path/Frameworks",
					"@loader_path/Frameworks",
				);
				PRODUCT_BUNDLE_IDENTIFIER = "com.amkirsch.Animations---LarryTests";
				PRODUCT_NAME = "$(TARGET_NAME)";
				SWIFT_VERSION = 5.0;
				TARGETED_DEVICE_FAMILY = "1,2";
				TEST_HOST = "$(BUILT_PRODUCTS_DIR)/Animations - Larry.app/Animations - Larry";
			};
			name = Debug;
		};
		84A5026F23E72932000DB0A0 /* Release */ = {
			isa = XCBuildConfiguration;
			buildSettings = {
				ALWAYS_EMBED_SWIFT_STANDARD_LIBRARIES = YES;
				BUNDLE_LOADER = "$(TEST_HOST)";
				CODE_SIGN_STYLE = Automatic;
				INFOPLIST_FILE = "Animations - LarryTests/Info.plist";
				IPHONEOS_DEPLOYMENT_TARGET = 13.2;
				LD_RUNPATH_SEARCH_PATHS = (
					"$(inherited)",
					"@executable_path/Frameworks",
					"@loader_path/Frameworks",
				);
				PRODUCT_BUNDLE_IDENTIFIER = "com.amkirsch.Animations---LarryTests";
				PRODUCT_NAME = "$(TARGET_NAME)";
				SWIFT_VERSION = 5.0;
				TARGETED_DEVICE_FAMILY = "1,2";
				TEST_HOST = "$(BUILT_PRODUCTS_DIR)/Animations - Larry.app/Animations - Larry";
			};
			name = Release;
		};
		84A5027123E72932000DB0A0 /* Debug */ = {
			isa = XCBuildConfiguration;
			buildSettings = {
				ALWAYS_EMBED_SWIFT_STANDARD_LIBRARIES = YES;
				CODE_SIGN_STYLE = Automatic;
				INFOPLIST_FILE = "Animations - LarryUITests/Info.plist";
				LD_RUNPATH_SEARCH_PATHS = (
					"$(inherited)",
					"@executable_path/Frameworks",
					"@loader_path/Frameworks",
				);
				PRODUCT_BUNDLE_IDENTIFIER = "com.amkirsch.Animations---LarryUITests";
				PRODUCT_NAME = "$(TARGET_NAME)";
				SWIFT_VERSION = 5.0;
				TARGETED_DEVICE_FAMILY = "1,2";
				TEST_TARGET_NAME = "Animations - Larry";
			};
			name = Debug;
		};
		84A5027223E72932000DB0A0 /* Release */ = {
			isa = XCBuildConfiguration;
			buildSettings = {
				ALWAYS_EMBED_SWIFT_STANDARD_LIBRARIES = YES;
				CODE_SIGN_STYLE = Automatic;
				INFOPLIST_FILE = "Animations - LarryUITests/Info.plist";
				LD_RUNPATH_SEARCH_PATHS = (
					"$(inherited)",
					"@executable_path/Frameworks",
					"@loader_path/Frameworks",
				);
				PRODUCT_BUNDLE_IDENTIFIER = "com.amkirsch.Animations---LarryUITests";
				PRODUCT_NAME = "$(TARGET_NAME)";
				SWIFT_VERSION = 5.0;
				TARGETED_DEVICE_FAMILY = "1,2";
				TEST_TARGET_NAME = "Animations - Larry";
			};
			name = Release;
		};
/* End XCBuildConfiguration section */

/* Begin XCConfigurationList section */
		84A5023B23E7292F000DB0A0 /* Build configuration list for PBXProject "Animations - Larry" */ = {
			isa = XCConfigurationList;
			buildConfigurations = (
				84A5026823E72932000DB0A0 /* Debug */,
				84A5026923E72932000DB0A0 /* Release */,
			);
			defaultConfigurationIsVisible = 0;
			defaultConfigurationName = Release;
		};
		84A5026A23E72932000DB0A0 /* Build configuration list for PBXNativeTarget "Animations - Larry" */ = {
			isa = XCConfigurationList;
			buildConfigurations = (
				84A5026B23E72932000DB0A0 /* Debug */,
				84A5026C23E72932000DB0A0 /* Release */,
			);
			defaultConfigurationIsVisible = 0;
			defaultConfigurationName = Release;
		};
		84A5026D23E72932000DB0A0 /* Build configuration list for PBXNativeTarget "Animations - LarryTests" */ = {
			isa = XCConfigurationList;
			buildConfigurations = (
				84A5026E23E72932000DB0A0 /* Debug */,
				84A5026F23E72932000DB0A0 /* Release */,
			);
			defaultConfigurationIsVisible = 0;
			defaultConfigurationName = Release;
		};
		84A5027023E72932000DB0A0 /* Build configuration list for PBXNativeTarget "Animations - LarryUITests" */ = {
			isa = XCConfigurationList;
			buildConfigurations = (
				84A5027123E72932000DB0A0 /* Debug */,
				84A5027223E72932000DB0A0 /* Release */,
			);
			defaultConfigurationIsVisible = 0;
			defaultConfigurationName = Release;
		};
/* End XCConfigurationList section */
	};
	rootObject = 84A5023823E7292F000DB0A0 /* Project object */;
}
